
Microsoft Visual Studio Solution File, Format Version 12.00
# Visual Studio Version 16
VisualStudioVersion = 16.0.31129.286
MinimumVisualStudioVersion = 10.0.40219.1
Project("{9A19103F-16F7-4668-BE54-9A1E7A4F7556}") = "Interpreter", "Interpreter\Interpreter.csproj", "{9FE3E2B2-D5DA-46CB-820B-4F922073AAF2}"
EndProject
Project("{FAE04EC0-301F-11D3-BF4B-00C04F79EFBC}") = "CLI", "..\CLI\CLI.csproj", "{777C4C5A-F89C-42D4-9689-A2E99AA512FE}"
EndProject
Global
	GlobalSection(SolutionConfigurationPlatforms) = preSolution
		Debug|Any CPU = Debug|Any CPU
		Release|Any CPU = Release|Any CPU
	EndGlobalSection
	GlobalSection(ProjectConfigurationPlatforms) = postSolution
		{9FE3E2B2-D5DA-46CB-820B-4F922073AAF2}.Debug|Any CPU.ActiveCfg = Debug|Any CPU
		{9FE3E2B2-D5DA-46CB-820B-4F922073AAF2}.Debug|Any CPU.Build.0 = Debug|Any CPU
		{9FE3E2B2-D5DA-46CB-820B-4F922073AAF2}.Release|Any CPU.ActiveCfg = Release|Any CPU
		{9FE3E2B2-D5DA-46CB-820B-4F922073AAF2}.Release|Any CPU.Build.0 = Release|Any CPU
		{777C4C5A-F89C-42D4-9689-A2E99AA512FE}.Debug|Any CPU.ActiveCfg = Debug|Any CPU
		{777C4C5A-F89C-42D4-9689-A2E99AA512FE}.Debug|Any CPU.Build.0 = Debug|Any CPU
		{777C4C5A-F89C-42D4-9689-A2E99AA512FE}.Release|Any CPU.ActiveCfg = Release|Any CPU
		{777C4C5A-F89C-42D4-9689-A2E99AA512FE}.Release|Any CPU.Build.0 = Release|Any CPU
	EndGlobalSection
	GlobalSection(SolutionProperties) = preSolution
		HideSolutionNode = FALSE
	EndGlobalSection
	GlobalSection(ExtensibilityGlobals) = postSolution
		SolutionGuid = {3E009E47-F1D7-48FC-9981-F3D8081EBD0E}
	EndGlobalSection
EndGlobal
